--- 
dependencies: 
  formatador: 
    group: 
    - :default
    version: = 0.0.10
  ruby-openid: 
    group: 
    - :default
    version: ~> 2.1
    require: 
    - openid
  rake: 
    group: 
    - :test
    version: ">= 0"
  uuid: 
    group: 
    - :default
    version: = 2.0.1
  oauth: 
    group: 
    - :default
    version: ~> 0.3
  rspec: 
    group: 
    - :test
    version: ~> 1.3
    require: 
    - spec
  rack: 
    group: 
    - :default
    version: ~> 1.1
  sinatra: 
    group: 
    - :default
    version: ~> 0.9
  json: 
    group: 
    - :default
    version: ~> 1.1
  bundler: 
    group: 
    - :default
    version: ~> 0.9.10
specs: 
- bundler: 
    version: 0.9.10
- json: 
    version: 1.2.2
- rack: 
    version: 1.1.0
- sinatra: 
    version: 0.9.6
- ruby-hmac: 
    version: 0.4.0
- rspec: 
    version: 1.3.0
- oauth: 
    version: 0.3.6
- macaddr: 
    version: 1.0.0
- uuid: 
    version: 2.0.1
- rake: 
    version: 0.8.7
- ruby-openid: 
    version: 2.1.7
- formatador: 
    version: 0.0.10
hash: fefb6834168dccb8d89ed4d2a0b1069ede171ba9
sources: 
- Rubygems: 
    uri: http://gemcutter.org
